<?xml version="1.0" encoding="utf-8"?>
<Project ToolsVersion="4.0" xmlns="http://schemas.microsoft.com/developer/msbuild/2003">
  <ItemGroup>
    <Filter Include="Source Files">
      <UniqueIdentifier>{4FC737F1-C7A5-4376-A066-2A32D752A2FF}</UniqueIdentifier>
      <Extensions>cpp;c;cc;cxx;def;odl;idl;hpj;bat;asm;asmx</Extensions>
    </Filter>
    <Filter Include="Header Files">
      <UniqueIdentifier>{93995380-89BD-4b04-88EB-625FBE52EBFB}</UniqueIdentifier>
      <Extensions>h;hh;hpp;hxx;hm;inl;inc;xsd</Extensions>
    </Filter>
    <Filter Include="Resource Files">
      <UniqueIdentifier>{67DA6AB6-F800-4c08-8B7A-83BB121AAD01}</UniqueIdentifier>
      <Extensions>rc;ico;cur;bmp;dlg;rc2;rct;bin;rgs;gif;jpg;jpeg;jpe;resx;tiff;tif;png;wav;mfcribbon-ms</Extensions>
    </Filter>
  </ItemGroup>
  <ItemGroup>
    <ClCompile Include="src\jsimd.c">
      <Filter>Source Files</Filter>
    </ClCompile>
  </ItemGroup>
  <ItemGroup>
    <NASM Include="src\x86_64\jccolor-avx2.asm" />
    <NASM Include="src\x86_64\jccolor-sse2.asm" />
    <NASM Include="src\x86_64\jcgray-avx2.asm" />
    <NASM Include="src\x86_64\jcgray-sse2.asm" />
    <NASM Include="src\x86_64\jchuff-sse2.asm" />
    <NASM Include="src\x86_64\jcphuff-sse2.asm" />
    <NASM Include="src\x86_64\jcsample-avx2.asm" />
    <NASM Include="src\x86_64\jcsample-sse2.asm" />
    <NASM Include="src\x86_64\jdcolor-avx2.asm" />
    <NASM Include="src\x86_64\jdcolor-sse2.asm" />
    <NASM Include="src\x86_64\jdmerge-avx2.asm" />
    <NASM Include="src\x86_64\jdmerge-sse2.asm" />
    <NASM Include="src\x86_64\jdsample-avx2.asm" />
    <NASM Include="src\x86_64\jdsample-sse2.asm" />
    <NASM Include="src\x86_64\jfdctflt-sse.asm" />
    <NASM Include="src\x86_64\jfdctfst-sse2.asm" />
    <NASM Include="src\x86_64\jfdctint-avx2.asm" />
    <NASM Include="src\x86_64\jfdctint-sse2.asm" />
    <NASM Include="src\x86_64\jidctflt-sse2.asm" />
    <NASM Include="src\x86_64\jidctfst-sse2.asm" />
    <NASM Include="src\x86_64\jidctint-avx2.asm" />
    <NASM Include="src\x86_64\jidctint-sse2.asm" />
    <NASM Include="src\x86_64\jidctred-sse2.asm" />
    <NASM Include="src\x86_64\jquantf-sse2.asm" />
    <NASM Include="src\x86_64\jquanti-avx2.asm" />
    <NASM Include="src\x86_64\jquanti-sse2.asm" />
    <NASM Include="src\x86_64\jsimdcpu.asm" />
  </ItemGroup>
</Project>