
Microsoft Visual Studio Solution File, Format Version 12.00
# Visual Studio 14
VisualStudioVersion = 14.0.25420.1
MinimumVisualStudioVersion = 10.0.40219.1
Project("{8BC9CEB8-8B4A-11D0-8D11-00A0C91BC942}") = "xmoto", "xmoto\xmoto.vcxproj", "{1EB34341-E83F-4C95-AE0D-DDE205ADA1B1}"
	ProjectSection(ProjectDependencies) = postProject
		{9B25F50D-78FA-4528-BF8E-649C97E035E6} = {9B25F50D-78FA-4528-BF8E-649C97E035E6}
		{5730A80F-A173-4F10-BF32-31BFF25BB49A} = {5730A80F-A173-4F10-BF32-31BFF25BB49A}
		{0AA79717-C8B7-4433-BC85-22358A1E0864} = {0AA79717-C8B7-4433-BC85-22358A1E0864}
		{0371E81E-72ED-4AF6-8326-81AD12485B33} = {0371E81E-72ED-4AF6-8326-81AD12485B33}
		{3D95D62D-4AF5-42E7-9401-91D3CF04EB92} = {3D95D62D-4AF5-42E7-9401-91D3CF04EB92}
		{72CEE33A-E117-4C9C-A583-4707A5E4601D} = {72CEE33A-E117-4C9C-A583-4707A5E4601D}
		{5DD4E74A-07DB-424C-8BAE-8946D63226C9} = {5DD4E74A-07DB-424C-8BAE-8946D63226C9}
		{D2E63E6C-0532-4AF0-8E93-A806561A7596} = {D2E63E6C-0532-4AF0-8E93-A806561A7596}
		{AC35D4B2-8AFD-4C45-AFF7-423BD2EF6107} = {AC35D4B2-8AFD-4C45-AFF7-423BD2EF6107}
		{3EDA72B4-0BF1-4D04-ADE4-B6ED77CDB985} = {3EDA72B4-0BF1-4D04-ADE4-B6ED77CDB985}
		{CAE547BA-A0F1-4422-A586-FDBA2481828B} = {CAE547BA-A0F1-4422-A586-FDBA2481828B}
		{C265BAC5-4FB9-40A6-AF49-B2E5A376C4F4} = {C265BAC5-4FB9-40A6-AF49-B2E5A376C4F4}
		{DF075FD5-DDFC-44FB-BDA8-1A2A20A932C5} = {DF075FD5-DDFC-44FB-BDA8-1A2A20A932C5}
		{31E9C0D5-1301-48E1-B562-0FEA5DECD9D6} = {31E9C0D5-1301-48E1-B562-0FEA5DECD9D6}
		{D49859E8-CCF3-46A8-AA48-3B44BD40ED8E} = {D49859E8-CCF3-46A8-AA48-3B44BD40ED8E}
		{9FA093F1-A096-447A-979A-B9E9D808C82C} = {9FA093F1-A096-447A-979A-B9E9D808C82C}
		{40019CFF-D32E-4BCF-9831-17F1F15690C5} = {40019CFF-D32E-4BCF-9831-17F1F15690C5}
	EndProjectSection
EndProject
Project("{8BC9CEB8-8B4A-11D0-8D11-00A0C91BC942}") = "SDL2_net", "SDL2_net\SDL2_net.vcxproj", "{D2E63E6C-0532-4AF0-8E93-A806561A7596}"
	ProjectSection(ProjectDependencies) = postProject
		{AC35D4B2-8AFD-4C45-AFF7-423BD2EF6107} = {AC35D4B2-8AFD-4C45-AFF7-423BD2EF6107}
	EndProjectSection
EndProject
Project("{8BC9CEB8-8B4A-11D0-8D11-00A0C91BC942}") = "SDL2", "SDL2\SDL2.vcxproj", "{AC35D4B2-8AFD-4C45-AFF7-423BD2EF6107}"
EndProject
Project("{8BC9CEB8-8B4A-11D0-8D11-00A0C91BC942}") = "SDL2_mixer", "SDL2_mixer\SDL2_mixer.vcxproj", "{0371E81E-72ED-4AF6-8326-81AD12485B33}"
	ProjectSection(ProjectDependencies) = postProject
		{B0D5A230-6C44-4216-90A3-78217A1CB6D3} = {B0D5A230-6C44-4216-90A3-78217A1CB6D3}
		{AC35D4B2-8AFD-4C45-AFF7-423BD2EF6107} = {AC35D4B2-8AFD-4C45-AFF7-423BD2EF6107}
		{3D8802C1-4B39-4048-8341-871DE451A00B} = {3D8802C1-4B39-4048-8341-871DE451A00B}
	EndProjectSection
EndProject
Project("{8BC9CEB8-8B4A-11D0-8D11-00A0C91BC942}") = "timidity", "timidity\timidity.vcxproj", "{3D8802C1-4B39-4048-8341-871DE451A00B}"
EndProject
Project("{8BC9CEB8-8B4A-11D0-8D11-00A0C91BC942}") = "native_midi", "native_midi\native_midi.vcxproj", "{B0D5A230-6C44-4216-90A3-78217A1CB6D3}"
EndProject
Project("{8BC9CEB8-8B4A-11D0-8D11-00A0C91BC942}") = "SDL2_ttf", "SDL2_ttf\SDL2_ttf.vcxproj", "{5730A80F-A173-4F10-BF32-31BFF25BB49A}"
	ProjectSection(ProjectDependencies) = postProject
		{AC35D4B2-8AFD-4C45-AFF7-423BD2EF6107} = {AC35D4B2-8AFD-4C45-AFF7-423BD2EF6107}
		{40019CFF-D32E-4BCF-9831-17F1F15690C5} = {40019CFF-D32E-4BCF-9831-17F1F15690C5}
	EndProjectSection
EndProject
Project("{8BC9CEB8-8B4A-11D0-8D11-00A0C91BC942}") = "libfreetype", "libfreetype\libfreetype.vcxproj", "{40019CFF-D32E-4BCF-9831-17F1F15690C5}"
EndProject
Project("{8BC9CEB8-8B4A-11D0-8D11-00A0C91BC942}") = "libglad", "libglad\libglad.vcxproj", "{3D95D62D-4AF5-42E7-9401-91D3CF04EB92}"
EndProject
Project("{8BC9CEB8-8B4A-11D0-8D11-00A0C91BC942}") = "libxml2", "libxml2\libxml2.vcxproj", "{D49859E8-CCF3-46A8-AA48-3B44BD40ED8E}"
EndProject
Project("{8BC9CEB8-8B4A-11D0-8D11-00A0C91BC942}") = "libode", "libode\libode.vcxproj", "{DF075FD5-DDFC-44FB-BDA8-1A2A20A932C5}"
EndProject
Project("{8BC9CEB8-8B4A-11D0-8D11-00A0C91BC942}") = "libccd", "libccd\libccd.vcxproj", "{0AA79717-C8B7-4433-BC85-22358A1E0864}"
EndProject
Project("{8BC9CEB8-8B4A-11D0-8D11-00A0C91BC942}") = "libmd5sum", "libmd5sum\libmd5sum.vcxproj", "{C265BAC5-4FB9-40A6-AF49-B2E5A376C4F4}"
EndProject
Project("{8BC9CEB8-8B4A-11D0-8D11-00A0C91BC942}") = "libbzip2", "libbzip2\libbzip2.vcxproj", "{72CEE33A-E117-4C9C-A583-4707A5E4601D}"
EndProject
Project("{8BC9CEB8-8B4A-11D0-8D11-00A0C91BC942}") = "libzlib", "libzlib\libzlib.vcxproj", "{3EDA72B4-0BF1-4D04-ADE4-B6ED77CDB985}"
EndProject
Project("{8BC9CEB8-8B4A-11D0-8D11-00A0C91BC942}") = "libchipmunk", "libchipmunk\libchipmunk.vcxproj", "{5DD4E74A-07DB-424C-8BAE-8946D63226C9}"
EndProject
Project("{8BC9CEB8-8B4A-11D0-8D11-00A0C91BC942}") = "liblua", "liblua\liblua.vcxproj", "{CAE547BA-A0F1-4422-A586-FDBA2481828B}"
EndProject
Project("{8BC9CEB8-8B4A-11D0-8D11-00A0C91BC942}") = "libpng", "libpng\libpng.vcxproj", "{9FA093F1-A096-447A-979A-B9E9D808C82C}"
EndProject
Project("{8BC9CEB8-8B4A-11D0-8D11-00A0C91BC942}") = "libintl", "libintl\libintl.vcxproj", "{9B25F50D-78FA-4528-BF8E-649C97E035E6}"
EndProject
Project("{8BC9CEB8-8B4A-11D0-8D11-00A0C91BC942}") = "xdgbasedir", "xdgbasedir\xdgbasedir.vcxproj", "{E851E15A-872A-4CA5-AFCC-BB58ACE59440}"
EndProject
Project("{8BC9CEB8-8B4A-11D0-8D11-00A0C91BC942}") = "SDL2main", "SDL2main\SDL2main.vcxproj", "{2FA30E73-C767-46EC-BD23-EC3AE3F92ABC}"
EndProject
Project("{8BC9CEB8-8B4A-11D0-8D11-00A0C91BC942}") = "SDL2_gfx", "SDL2_gfx\SDL2_gfx.vcxproj", "{0F90CDB2-5140-406B-9101-777B2F1474A8}"
EndProject
Project("{8BC9CEB8-8B4A-11D0-8D11-00A0C91BC942}") = "libsimd", "libsimd\libsimd.vcxproj", "{4547BDE1-4AF8-41C9-A954-833DB3CE14BA}"
EndProject
Project("{8BC9CEB8-8B4A-11D0-8D11-00A0C91BC942}") = "libjpeg", "libjpeg\libjpeg.vcxproj", "{55516721-6539-4D2C-8284-E1118EE468C9}"
	ProjectSection(ProjectDependencies) = postProject
		{4547BDE1-4AF8-41C9-A954-833DB3CE14BA} = {4547BDE1-4AF8-41C9-A954-833DB3CE14BA}
	EndProjectSection
EndProject
Project("{8BC9CEB8-8B4A-11D0-8D11-00A0C91BC942}") = "libsqlite3", "libsqlite3\libsqlite3.vcxproj", "{31E9C0D5-1301-48E1-B562-0FEA5DECD9D6}"
EndProject
Project("{8BC9CEB8-8B4A-11D0-8D11-00A0C91BC942}") = "libsimd32", "libsimd32\libsimd32.vcxproj", "{47830CD7-C878-4407-9DD4-048F9B034543}"
EndProject
Project("{8BC9CEB8-8B4A-11D0-8D11-00A0C91BC942}") = "libjpeg32", "libjpeg32\libjpeg32.vcxproj", "{CB49C1D0-90FA-40A8-8FE2-A1E9E24DFFE1}"
	ProjectSection(ProjectDependencies) = postProject
		{47830CD7-C878-4407-9DD4-048F9B034543} = {47830CD7-C878-4407-9DD4-048F9B034543}
	EndProjectSection
EndProject
Global
	GlobalSection(SolutionConfigurationPlatforms) = preSolution
		Debug|x64 = Debug|x64
		Debug|x86 = Debug|x86
		Release|x64 = Release|x64
		Release|x86 = Release|x86
	EndGlobalSection
	GlobalSection(ProjectConfigurationPlatforms) = postSolution
		{1EB34341-E83F-4C95-AE0D-DDE205ADA1B1}.Debug|x64.ActiveCfg = Debug|x64
		{1EB34341-E83F-4C95-AE0D-DDE205ADA1B1}.Debug|x64.Build.0 = Debug|x64
		{1EB34341-E83F-4C95-AE0D-DDE205ADA1B1}.Debug|x86.ActiveCfg = Debug|Win32
		{1EB34341-E83F-4C95-AE0D-DDE205ADA1B1}.Debug|x86.Build.0 = Debug|Win32
		{1EB34341-E83F-4C95-AE0D-DDE205ADA1B1}.Release|x64.ActiveCfg = Release|x64
		{1EB34341-E83F-4C95-AE0D-DDE205ADA1B1}.Release|x64.Build.0 = Release|x64
		{1EB34341-E83F-4C95-AE0D-DDE205ADA1B1}.Release|x86.ActiveCfg = Release|Win32
		{1EB34341-E83F-4C95-AE0D-DDE205ADA1B1}.Release|x86.Build.0 = Release|Win32
		{D2E63E6C-0532-4AF0-8E93-A806561A7596}.Debug|x64.ActiveCfg = Debug|x64
		{D2E63E6C-0532-4AF0-8E93-A806561A7596}.Debug|x64.Build.0 = Debug|x64
		{D2E63E6C-0532-4AF0-8E93-A806561A7596}.Debug|x86.ActiveCfg = Debug|Win32
		{D2E63E6C-0532-4AF0-8E93-A806561A7596}.Debug|x86.Build.0 = Debug|Win32
		{D2E63E6C-0532-4AF0-8E93-A806561A7596}.Release|x64.ActiveCfg = Release|x64
		{D2E63E6C-0532-4AF0-8E93-A806561A7596}.Release|x64.Build.0 = Release|x64
		{D2E63E6C-0532-4AF0-8E93-A806561A7596}.Release|x86.ActiveCfg = Release|Win32
		{D2E63E6C-0532-4AF0-8E93-A806561A7596}.Release|x86.Build.0 = Release|Win32
		{AC35D4B2-8AFD-4C45-AFF7-423BD2EF6107}.Debug|x64.ActiveCfg = Debug|x64
		{AC35D4B2-8AFD-4C45-AFF7-423BD2EF6107}.Debug|x64.Build.0 = Debug|x64
		{AC35D4B2-8AFD-4C45-AFF7-423BD2EF6107}.Debug|x86.ActiveCfg = Debug|Win32
		{AC35D4B2-8AFD-4C45-AFF7-423BD2EF6107}.Debug|x86.Build.0 = Debug|Win32
		{AC35D4B2-8AFD-4C45-AFF7-423BD2EF6107}.Release|x64.ActiveCfg = Release|x64
		{AC35D4B2-8AFD-4C45-AFF7-423BD2EF6107}.Release|x64.Build.0 = Release|x64
		{AC35D4B2-8AFD-4C45-AFF7-423BD2EF6107}.Release|x86.ActiveCfg = Release|Win32
		{AC35D4B2-8AFD-4C45-AFF7-423BD2EF6107}.Release|x86.Build.0 = Release|Win32
		{0371E81E-72ED-4AF6-8326-81AD12485B33}.Debug|x64.ActiveCfg = Debug|x64
		{0371E81E-72ED-4AF6-8326-81AD12485B33}.Debug|x64.Build.0 = Debug|x64
		{0371E81E-72ED-4AF6-8326-81AD12485B33}.Debug|x86.ActiveCfg = Debug|Win32
		{0371E81E-72ED-4AF6-8326-81AD12485B33}.Debug|x86.Build.0 = Debug|Win32
		{0371E81E-72ED-4AF6-8326-81AD12485B33}.Release|x64.ActiveCfg = Release|x64
		{0371E81E-72ED-4AF6-8326-81AD12485B33}.Release|x64.Build.0 = Release|x64
		{0371E81E-72ED-4AF6-8326-81AD12485B33}.Release|x86.ActiveCfg = Release|Win32
		{0371E81E-72ED-4AF6-8326-81AD12485B33}.Release|x86.Build.0 = Release|Win32
		{3D8802C1-4B39-4048-8341-871DE451A00B}.Debug|x64.ActiveCfg = Debug|x64
		{3D8802C1-4B39-4048-8341-871DE451A00B}.Debug|x64.Build.0 = Debug|x64
		{3D8802C1-4B39-4048-8341-871DE451A00B}.Debug|x86.ActiveCfg = Debug|Win32
		{3D8802C1-4B39-4048-8341-871DE451A00B}.Debug|x86.Build.0 = Debug|Win32
		{3D8802C1-4B39-4048-8341-871DE451A00B}.Release|x64.ActiveCfg = Release|x64
		{3D8802C1-4B39-4048-8341-871DE451A00B}.Release|x64.Build.0 = Release|x64
		{3D8802C1-4B39-4048-8341-871DE451A00B}.Release|x86.ActiveCfg = Release|Win32
		{3D8802C1-4B39-4048-8341-871DE451A00B}.Release|x86.Build.0 = Release|Win32
		{B0D5A230-6C44-4216-90A3-78217A1CB6D3}.Debug|x64.ActiveCfg = Debug|x64
		{B0D5A230-6C44-4216-90A3-78217A1CB6D3}.Debug|x64.Build.0 = Debug|x64
		{B0D5A230-6C44-4216-90A3-78217A1CB6D3}.Debug|x86.ActiveCfg = Debug|Win32
		{B0D5A230-6C44-4216-90A3-78217A1CB6D3}.Debug|x86.Build.0 = Debug|Win32
		{B0D5A230-6C44-4216-90A3-78217A1CB6D3}.Release|x64.ActiveCfg = Release|x64
		{B0D5A230-6C44-4216-90A3-78217A1CB6D3}.Release|x64.Build.0 = Release|x64
		{B0D5A230-6C44-4216-90A3-78217A1CB6D3}.Release|x86.ActiveCfg = Release|Win32
		{B0D5A230-6C44-4216-90A3-78217A1CB6D3}.Release|x86.Build.0 = Release|Win32
		{5730A80F-A173-4F10-BF32-31BFF25BB49A}.Debug|x64.ActiveCfg = Debug|x64
		{5730A80F-A173-4F10-BF32-31BFF25BB49A}.Debug|x64.Build.0 = Debug|x64
		{5730A80F-A173-4F10-BF32-31BFF25BB49A}.Debug|x86.ActiveCfg = Debug|Win32
		{5730A80F-A173-4F10-BF32-31BFF25BB49A}.Debug|x86.Build.0 = Debug|Win32
		{5730A80F-A173-4F10-BF32-31BFF25BB49A}.Release|x64.ActiveCfg = Release|x64
		{5730A80F-A173-4F10-BF32-31BFF25BB49A}.Release|x64.Build.0 = Release|x64
		{5730A80F-A173-4F10-BF32-31BFF25BB49A}.Release|x86.ActiveCfg = Release|Win32
		{5730A80F-A173-4F10-BF32-31BFF25BB49A}.Release|x86.Build.0 = Release|Win32
		{40019CFF-D32E-4BCF-9831-17F1F15690C5}.Debug|x64.ActiveCfg = Debug|x64
		{40019CFF-D32E-4BCF-9831-17F1F15690C5}.Debug|x64.Build.0 = Debug|x64
		{40019CFF-D32E-4BCF-9831-17F1F15690C5}.Debug|x86.ActiveCfg = Debug|Win32
		{40019CFF-D32E-4BCF-9831-17F1F15690C5}.Debug|x86.Build.0 = Debug|Win32
		{40019CFF-D32E-4BCF-9831-17F1F15690C5}.Release|x64.ActiveCfg = Release|x64
		{40019CFF-D32E-4BCF-9831-17F1F15690C5}.Release|x64.Build.0 = Release|x64
		{40019CFF-D32E-4BCF-9831-17F1F15690C5}.Release|x86.ActiveCfg = Release|Win32
		{40019CFF-D32E-4BCF-9831-17F1F15690C5}.Release|x86.Build.0 = Release|Win32
		{3D95D62D-4AF5-42E7-9401-91D3CF04EB92}.Debug|x64.ActiveCfg = Debug|x64
		{3D95D62D-4AF5-42E7-9401-91D3CF04EB92}.Debug|x64.Build.0 = Debug|x64
		{3D95D62D-4AF5-42E7-9401-91D3CF04EB92}.Debug|x86.ActiveCfg = Debug|Win32
		{3D95D62D-4AF5-42E7-9401-91D3CF04EB92}.Debug|x86.Build.0 = Debug|Win32
		{3D95D62D-4AF5-42E7-9401-91D3CF04EB92}.Release|x64.ActiveCfg = Release|x64
		{3D95D62D-4AF5-42E7-9401-91D3CF04EB92}.Release|x64.Build.0 = Release|x64
		{3D95D62D-4AF5-42E7-9401-91D3CF04EB92}.Release|x86.ActiveCfg = Release|Win32
		{3D95D62D-4AF5-42E7-9401-91D3CF04EB92}.Release|x86.Build.0 = Release|Win32
		{D49859E8-CCF3-46A8-AA48-3B44BD40ED8E}.Debug|x64.ActiveCfg = Debug|x64
		{D49859E8-CCF3-46A8-AA48-3B44BD40ED8E}.Debug|x64.Build.0 = Debug|x64
		{D49859E8-CCF3-46A8-AA48-3B44BD40ED8E}.Debug|x86.ActiveCfg = Debug|Win32
		{D49859E8-CCF3-46A8-AA48-3B44BD40ED8E}.Debug|x86.Build.0 = Debug|Win32
		{D49859E8-CCF3-46A8-AA48-3B44BD40ED8E}.Release|x64.ActiveCfg = Release|x64
		{D49859E8-CCF3-46A8-AA48-3B44BD40ED8E}.Release|x64.Build.0 = Release|x64
		{D49859E8-CCF3-46A8-AA48-3B44BD40ED8E}.Release|x86.ActiveCfg = Release|Win32
		{D49859E8-CCF3-46A8-AA48-3B44BD40ED8E}.Release|x86.Build.0 = Release|Win32
		{DF075FD5-DDFC-44FB-BDA8-1A2A20A932C5}.Debug|x64.ActiveCfg = Debug|x64
		{DF075FD5-DDFC-44FB-BDA8-1A2A20A932C5}.Debug|x64.Build.0 = Debug|x64
		{DF075FD5-DDFC-44FB-BDA8-1A2A20A932C5}.Debug|x86.ActiveCfg = Debug|Win32
		{DF075FD5-DDFC-44FB-BDA8-1A2A20A932C5}.Debug|x86.Build.0 = Debug|Win32
		{DF075FD5-DDFC-44FB-BDA8-1A2A20A932C5}.Release|x64.ActiveCfg = Release|x64
		{DF075FD5-DDFC-44FB-BDA8-1A2A20A932C5}.Release|x64.Build.0 = Release|x64
		{DF075FD5-DDFC-44FB-BDA8-1A2A20A932C5}.Release|x86.ActiveCfg = Release|Win32
		{DF075FD5-DDFC-44FB-BDA8-1A2A20A932C5}.Release|x86.Build.0 = Release|Win32
		{0AA79717-C8B7-4433-BC85-22358A1E0864}.Debug|x64.ActiveCfg = Debug|x64
		{0AA79717-C8B7-4433-BC85-22358A1E0864}.Debug|x64.Build.0 = Debug|x64
		{0AA79717-C8B7-4433-BC85-22358A1E0864}.Debug|x86.ActiveCfg = Debug|Win32
		{0AA79717-C8B7-4433-BC85-22358A1E0864}.Debug|x86.Build.0 = Debug|Win32
		{0AA79717-C8B7-4433-BC85-22358A1E0864}.Release|x64.ActiveCfg = Release|x64
		{0AA79717-C8B7-4433-BC85-22358A1E0864}.Release|x64.Build.0 = Release|x64
		{0AA79717-C8B7-4433-BC85-22358A1E0864}.Release|x86.ActiveCfg = Release|Win32
		{0AA79717-C8B7-4433-BC85-22358A1E0864}.Release|x86.Build.0 = Release|Win32
		{C265BAC5-4FB9-40A6-AF49-B2E5A376C4F4}.Debug|x64.ActiveCfg = Debug|x64
		{C265BAC5-4FB9-40A6-AF49-B2E5A376C4F4}.Debug|x64.Build.0 = Debug|x64
		{C265BAC5-4FB9-40A6-AF49-B2E5A376C4F4}.Debug|x86.ActiveCfg = Debug|Win32
		{C265BAC5-4FB9-40A6-AF49-B2E5A376C4F4}.Debug|x86.Build.0 = Debug|Win32
		{C265BAC5-4FB9-40A6-AF49-B2E5A376C4F4}.Release|x64.ActiveCfg = Release|x64
		{C265BAC5-4FB9-40A6-AF49-B2E5A376C4F4}.Release|x64.Build.0 = Release|x64
		{C265BAC5-4FB9-40A6-AF49-B2E5A376C4F4}.Release|x86.ActiveCfg = Release|Win32
		{C265BAC5-4FB9-40A6-AF49-B2E5A376C4F4}.Release|x86.Build.0 = Release|Win32
		{72CEE33A-E117-4C9C-A583-4707A5E4601D}.Debug|x64.ActiveCfg = Debug|x64
		{72CEE33A-E117-4C9C-A583-4707A5E4601D}.Debug|x64.Build.0 = Debug|x64
		{72CEE33A-E117-4C9C-A583-4707A5E4601D}.Debug|x86.ActiveCfg = Debug|Win32
		{72CEE33A-E117-4C9C-A583-4707A5E4601D}.Debug|x86.Build.0 = Debug|Win32
		{72CEE33A-E117-4C9C-A583-4707A5E4601D}.Release|x64.ActiveCfg = Release|x64
		{72CEE33A-E117-4C9C-A583-4707A5E4601D}.Release|x64.Build.0 = Release|x64
		{72CEE33A-E117-4C9C-A583-4707A5E4601D}.Release|x86.ActiveCfg = Release|Win32
		{72CEE33A-E117-4C9C-A583-4707A5E4601D}.Release|x86.Build.0 = Release|Win32
		{3EDA72B4-0BF1-4D04-ADE4-B6ED77CDB985}.Debug|x64.ActiveCfg = Debug|x64
		{3EDA72B4-0BF1-4D04-ADE4-B6ED77CDB985}.Debug|x64.Build.0 = Debug|x64
		{3EDA72B4-0BF1-4D04-ADE4-B6ED77CDB985}.Debug|x86.ActiveCfg = Debug|Win32
		{3EDA72B4-0BF1-4D04-ADE4-B6ED77CDB985}.Debug|x86.Build.0 = Debug|Win32
		{3EDA72B4-0BF1-4D04-ADE4-B6ED77CDB985}.Release|x64.ActiveCfg = Release|x64
		{3EDA72B4-0BF1-4D04-ADE4-B6ED77CDB985}.Release|x64.Build.0 = Release|x64
		{3EDA72B4-0BF1-4D04-ADE4-B6ED77CDB985}.Release|x86.ActiveCfg = Release|Win32
		{3EDA72B4-0BF1-4D04-ADE4-B6ED77CDB985}.Release|x86.Build.0 = Release|Win32
		{5DD4E74A-07DB-424C-8BAE-8946D63226C9}.Debug|x64.ActiveCfg = Debug|x64
		{5DD4E74A-07DB-424C-8BAE-8946D63226C9}.Debug|x64.Build.0 = Debug|x64
		{5DD4E74A-07DB-424C-8BAE-8946D63226C9}.Debug|x86.ActiveCfg = Debug|Win32
		{5DD4E74A-07DB-424C-8BAE-8946D63226C9}.Debug|x86.Build.0 = Debug|Win32
		{5DD4E74A-07DB-424C-8BAE-8946D63226C9}.Release|x64.ActiveCfg = Release|x64
		{5DD4E74A-07DB-424C-8BAE-8946D63226C9}.Release|x64.Build.0 = Release|x64
		{5DD4E74A-07DB-424C-8BAE-8946D63226C9}.Release|x86.ActiveCfg = Release|Win32
		{5DD4E74A-07DB-424C-8BAE-8946D63226C9}.Release|x86.Build.0 = Release|Win32
		{CAE547BA-A0F1-4422-A586-FDBA2481828B}.Debug|x64.ActiveCfg = Debug|x64
		{CAE547BA-A0F1-4422-A586-FDBA2481828B}.Debug|x64.Build.0 = Debug|x64
		{CAE547BA-A0F1-4422-A586-FDBA2481828B}.Debug|x86.ActiveCfg = Debug|Win32
		{CAE547BA-A0F1-4422-A586-FDBA2481828B}.Debug|x86.Build.0 = Debug|Win32
		{CAE547BA-A0F1-4422-A586-FDBA2481828B}.Release|x64.ActiveCfg = Release|x64
		{CAE547BA-A0F1-4422-A586-FDBA2481828B}.Release|x64.Build.0 = Release|x64
		{CAE547BA-A0F1-4422-A586-FDBA2481828B}.Release|x86.ActiveCfg = Release|Win32
		{CAE547BA-A0F1-4422-A586-FDBA2481828B}.Release|x86.Build.0 = Release|Win32
		{9FA093F1-A096-447A-979A-B9E9D808C82C}.Debug|x64.ActiveCfg = Debug|x64
		{9FA093F1-A096-447A-979A-B9E9D808C82C}.Debug|x64.Build.0 = Debug|x64
		{9FA093F1-A096-447A-979A-B9E9D808C82C}.Debug|x86.ActiveCfg = Debug|Win32
		{9FA093F1-A096-447A-979A-B9E9D808C82C}.Debug|x86.Build.0 = Debug|Win32
		{9FA093F1-A096-447A-979A-B9E9D808C82C}.Release|x64.ActiveCfg = Release|x64
		{9FA093F1-A096-447A-979A-B9E9D808C82C}.Release|x64.Build.0 = Release|x64
		{9FA093F1-A096-447A-979A-B9E9D808C82C}.Release|x86.ActiveCfg = Release|Win32
		{9FA093F1-A096-447A-979A-B9E9D808C82C}.Release|x86.Build.0 = Release|Win32
		{9B25F50D-78FA-4528-BF8E-649C97E035E6}.Debug|x64.ActiveCfg = Debug|x64
		{9B25F50D-78FA-4528-BF8E-649C97E035E6}.Debug|x64.Build.0 = Debug|x64
		{9B25F50D-78FA-4528-BF8E-649C97E035E6}.Debug|x86.ActiveCfg = Debug|Win32
		{9B25F50D-78FA-4528-BF8E-649C97E035E6}.Debug|x86.Build.0 = Debug|Win32
		{9B25F50D-78FA-4528-BF8E-649C97E035E6}.Release|x64.ActiveCfg = Release|x64
		{9B25F50D-78FA-4528-BF8E-649C97E035E6}.Release|x64.Build.0 = Release|x64
		{9B25F50D-78FA-4528-BF8E-649C97E035E6}.Release|x86.ActiveCfg = Release|Win32
		{9B25F50D-78FA-4528-BF8E-649C97E035E6}.Release|x86.Build.0 = Release|Win32
		{E851E15A-872A-4CA5-AFCC-BB58ACE59440}.Debug|x64.ActiveCfg = Debug|x64
		{E851E15A-872A-4CA5-AFCC-BB58ACE59440}.Debug|x64.Build.0 = Debug|x64
		{E851E15A-872A-4CA5-AFCC-BB58ACE59440}.Debug|x86.ActiveCfg = Debug|Win32
		{E851E15A-872A-4CA5-AFCC-BB58ACE59440}.Debug|x86.Build.0 = Debug|Win32
		{E851E15A-872A-4CA5-AFCC-BB58ACE59440}.Release|x64.ActiveCfg = Release|x64
		{E851E15A-872A-4CA5-AFCC-BB58ACE59440}.Release|x64.Build.0 = Release|x64
		{E851E15A-872A-4CA5-AFCC-BB58ACE59440}.Release|x86.ActiveCfg = Release|Win32
		{E851E15A-872A-4CA5-AFCC-BB58ACE59440}.Release|x86.Build.0 = Release|Win32
		{2FA30E73-C767-46EC-BD23-EC3AE3F92ABC}.Debug|x64.ActiveCfg = Debug|x64
		{2FA30E73-C767-46EC-BD23-EC3AE3F92ABC}.Debug|x64.Build.0 = Debug|x64
		{2FA30E73-C767-46EC-BD23-EC3AE3F92ABC}.Debug|x86.ActiveCfg = Debug|Win32
		{2FA30E73-C767-46EC-BD23-EC3AE3F92ABC}.Debug|x86.Build.0 = Debug|Win32
		{2FA30E73-C767-46EC-BD23-EC3AE3F92ABC}.Release|x64.ActiveCfg = Release|x64
		{2FA30E73-C767-46EC-BD23-EC3AE3F92ABC}.Release|x64.Build.0 = Release|x64
		{2FA30E73-C767-46EC-BD23-EC3AE3F92ABC}.Release|x86.ActiveCfg = Release|Win32
		{2FA30E73-C767-46EC-BD23-EC3AE3F92ABC}.Release|x86.Build.0 = Release|Win32
		{0F90CDB2-5140-406B-9101-777B2F1474A8}.Debug|x64.ActiveCfg = Debug|x64
		{0F90CDB2-5140-406B-9101-777B2F1474A8}.Debug|x64.Build.0 = Debug|x64
		{0F90CDB2-5140-406B-9101-777B2F1474A8}.Debug|x86.ActiveCfg = Debug|Win32
		{0F90CDB2-5140-406B-9101-777B2F1474A8}.Debug|x86.Build.0 = Debug|Win32
		{0F90CDB2-5140-406B-9101-777B2F1474A8}.Release|x64.ActiveCfg = Release|x64
		{0F90CDB2-5140-406B-9101-777B2F1474A8}.Release|x64.Build.0 = Release|x64
		{0F90CDB2-5140-406B-9101-777B2F1474A8}.Release|x86.ActiveCfg = Release|Win32
		{0F90CDB2-5140-406B-9101-777B2F1474A8}.Release|x86.Build.0 = Release|Win32
		{4547BDE1-4AF8-41C9-A954-833DB3CE14BA}.Debug|x64.ActiveCfg = Debug|x64
		{4547BDE1-4AF8-41C9-A954-833DB3CE14BA}.Debug|x64.Build.0 = Debug|x64
		{4547BDE1-4AF8-41C9-A954-833DB3CE14BA}.Debug|x86.ActiveCfg = Debug|Win32
		{4547BDE1-4AF8-41C9-A954-833DB3CE14BA}.Debug|x86.Build.0 = Debug|Win32
		{4547BDE1-4AF8-41C9-A954-833DB3CE14BA}.Release|x64.ActiveCfg = Release|x64
		{4547BDE1-4AF8-41C9-A954-833DB3CE14BA}.Release|x64.Build.0 = Release|x64
		{4547BDE1-4AF8-41C9-A954-833DB3CE14BA}.Release|x86.ActiveCfg = Release|Win32
		{4547BDE1-4AF8-41C9-A954-833DB3CE14BA}.Release|x86.Build.0 = Release|Win32
		{55516721-6539-4D2C-8284-E1118EE468C9}.Debug|x64.ActiveCfg = Debug|x64
		{55516721-6539-4D2C-8284-E1118EE468C9}.Debug|x64.Build.0 = Debug|x64
		{55516721-6539-4D2C-8284-E1118EE468C9}.Debug|x86.ActiveCfg = Debug|Win32
		{55516721-6539-4D2C-8284-E1118EE468C9}.Debug|x86.Build.0 = Debug|Win32
		{55516721-6539-4D2C-8284-E1118EE468C9}.Release|x64.ActiveCfg = Release|x64
		{55516721-6539-4D2C-8284-E1118EE468C9}.Release|x64.Build.0 = Release|x64
		{55516721-6539-4D2C-8284-E1118EE468C9}.Release|x86.ActiveCfg = Release|Win32
		{55516721-6539-4D2C-8284-E1118EE468C9}.Release|x86.Build.0 = Release|Win32
		{31E9C0D5-1301-48E1-B562-0FEA5DECD9D6}.Debug|x64.ActiveCfg = Debug|x64
		{31E9C0D5-1301-48E1-B562-0FEA5DECD9D6}.Debug|x64.Build.0 = Debug|x64
		{31E9C0D5-1301-48E1-B562-0FEA5DECD9D6}.Debug|x86.ActiveCfg = Debug|Win32
		{31E9C0D5-1301-48E1-B562-0FEA5DECD9D6}.Debug|x86.Build.0 = Debug|Win32
		{31E9C0D5-1301-48E1-B562-0FEA5DECD9D6}.Release|x64.ActiveCfg = Release|x64
		{31E9C0D5-1301-48E1-B562-0FEA5DECD9D6}.Release|x64.Build.0 = Release|x64
		{31E9C0D5-1301-48E1-B562-0FEA5DECD9D6}.Release|x86.ActiveCfg = Release|Win32
		{31E9C0D5-1301-48E1-B562-0FEA5DECD9D6}.Release|x86.Build.0 = Release|Win32
		{47830CD7-C878-4407-9DD4-048F9B034543}.Debug|x64.ActiveCfg = Debug|x64
		{47830CD7-C878-4407-9DD4-048F9B034543}.Debug|x64.Build.0 = Debug|x64
		{47830CD7-C878-4407-9DD4-048F9B034543}.Debug|x86.ActiveCfg = Debug|Win32
		{47830CD7-C878-4407-9DD4-048F9B034543}.Debug|x86.Build.0 = Debug|Win32
		{47830CD7-C878-4407-9DD4-048F9B034543}.Release|x64.ActiveCfg = Release|x64
		{47830CD7-C878-4407-9DD4-048F9B034543}.Release|x64.Build.0 = Release|x64
		{47830CD7-C878-4407-9DD4-048F9B034543}.Release|x86.ActiveCfg = Release|Win32
		{47830CD7-C878-4407-9DD4-048F9B034543}.Release|x86.Build.0 = Release|Win32
		{CB49C1D0-90FA-40A8-8FE2-A1E9E24DFFE1}.Debug|x64.ActiveCfg = Debug|x64
		{CB49C1D0-90FA-40A8-8FE2-A1E9E24DFFE1}.Debug|x64.Build.0 = Debug|x64
		{CB49C1D0-90FA-40A8-8FE2-A1E9E24DFFE1}.Debug|x86.ActiveCfg = Debug|Win32
		{CB49C1D0-90FA-40A8-8FE2-A1E9E24DFFE1}.Debug|x86.Build.0 = Debug|Win32
		{CB49C1D0-90FA-40A8-8FE2-A1E9E24DFFE1}.Release|x64.ActiveCfg = Release|x64
		{CB49C1D0-90FA-40A8-8FE2-A1E9E24DFFE1}.Release|x64.Build.0 = Release|x64
		{CB49C1D0-90FA-40A8-8FE2-A1E9E24DFFE1}.Release|x86.ActiveCfg = Release|Win32
		{CB49C1D0-90FA-40A8-8FE2-A1E9E24DFFE1}.Release|x86.Build.0 = Release|Win32
	EndGlobalSection
	GlobalSection(SolutionProperties) = preSolution
		HideSolutionNode = FALSE
	EndGlobalSection
EndGlobal
