<?xml version="1.0" encoding="utf-8"?>
<Project ToolsVersion="4.0" xmlns="http://schemas.microsoft.com/developer/msbuild/2003">
  <ItemGroup>
    <Filter Include="Source Files">
      <UniqueIdentifier>{4FC737F1-C7A5-4376-A066-2A32D752A2FF}</UniqueIdentifier>
      <Extensions>cpp;c;cc;cxx;def;odl;idl;hpj;bat;asm;asmx</Extensions>
    </Filter>
    <Filter Include="Header Files">
      <UniqueIdentifier>{93995380-89BD-4b04-88EB-625FBE52EBFB}</UniqueIdentifier>
      <Extensions>h;hh;hpp;hxx;hm;inl;inc;xsd</Extensions>
    </Filter>
    <Filter Include="Resource Files">
      <UniqueIdentifier>{67DA6AB6-F800-4c08-8B7A-83BB121AAD01}</UniqueIdentifier>
      <Extensions>rc;ico;cur;bmp;dlg;rc2;rct;bin;rgs;gif;jpg;jpeg;jpe;resx;tiff;tif;png;wav;mfcribbon-ms</Extensions>
    </Filter>
  </ItemGroup>
  <ItemGroup>
    <ClCompile Include="src\bindtextdom.c">
      <Filter>Source Files</Filter>
    </ClCompile>
    <ClCompile Include="src\dcgettext.c">
      <Filter>Source Files</Filter>
    </ClCompile>
    <ClCompile Include="src\dcigettext.c">
      <Filter>Source Files</Filter>
    </ClCompile>
    <ClCompile Include="src\dcngettext.c">
      <Filter>Source Files</Filter>
    </ClCompile>
    <ClCompile Include="src\dgettext.c">
      <Filter>Source Files</Filter>
    </ClCompile>
    <ClCompile Include="src\dngettext.c">
      <Filter>Source Files</Filter>
    </ClCompile>
    <ClCompile Include="src\explodename.c">
      <Filter>Source Files</Filter>
    </ClCompile>
    <ClCompile Include="src\finddomain.c">
      <Filter>Source Files</Filter>
    </ClCompile>
    <ClCompile Include="src\gettext.c">
      <Filter>Source Files</Filter>
    </ClCompile>
    <ClCompile Include="src\intl-compat.c">
      <Filter>Source Files</Filter>
    </ClCompile>
    <ClCompile Include="src\l10nflist.c">
      <Filter>Source Files</Filter>
    </ClCompile>
    <ClCompile Include="src\langprefs.c">
      <Filter>Source Files</Filter>
    </ClCompile>
    <ClCompile Include="src\loadmsgcat.c">
      <Filter>Source Files</Filter>
    </ClCompile>
    <ClCompile Include="src\localcharset.c">
      <Filter>Source Files</Filter>
    </ClCompile>
    <ClCompile Include="src\localealias.c">
      <Filter>Source Files</Filter>
    </ClCompile>
    <ClCompile Include="src\localename.c">
      <Filter>Source Files</Filter>
    </ClCompile>
    <ClCompile Include="src\log.c">
      <Filter>Source Files</Filter>
    </ClCompile>
    <ClCompile Include="src\ngettext.c">
      <Filter>Source Files</Filter>
    </ClCompile>
    <ClCompile Include="src\osdep.c">
      <Filter>Source Files</Filter>
    </ClCompile>
    <ClCompile Include="src\plural.c">
      <Filter>Source Files</Filter>
    </ClCompile>
    <ClCompile Include="src\plural-exp.c">
      <Filter>Source Files</Filter>
    </ClCompile>
    <ClCompile Include="src\relocatable.c">
      <Filter>Source Files</Filter>
    </ClCompile>
    <ClCompile Include="src\textdomain.c">
      <Filter>Source Files</Filter>
    </ClCompile>
    <ClCompile Include="src\printf.c">
      <Filter>Source Files</Filter>
    </ClCompile>
  </ItemGroup>
  <ItemGroup>
    <ClInclude Include="include\libintl.h">
      <Filter>Header Files</Filter>
    </ClInclude>
  </ItemGroup>
</Project>